
Microsoft Visual Studio Solution File, Format Version 12.00
# Visual Studio Version 18
VisualStudioVersion = 18.2.11415.280
MinimumVisualStudioVersion = 10.0.40219.1
Project("{2150E333-8FDC-42A3-9474-1A3956D46DE8}") = "Documentation", "Documentation", "{5E60224E-A4A6-47B6-A293-F24A5EFE403F}"
	ProjectSection(SolutionItems) = preProject
		AI-Models.md = AI-Models.md
		Menus.md = Menus.md
		Modules.md = Modules.md
		Terms.md = Terms.md
		ToDo.md = ToDo.md
		Tools.md = Tools.md
	EndProjectSection
EndProject
Project("{9A19103F-16F7-4668-BE54-9A1E7A4F7556}") = "Si.Library", "Si.Library\Si.Library.csproj", "{990E2120-BC2B-4C6D-A1B0-663A7D88A2EC}"
EndProject
Project("{2150E333-8FDC-42A3-9474-1A3956D46DE8}") = "Installer", "Installer", "{AB4BD3BA-2122-4876-8FD5-3AF65A233D1A}"
	ProjectSection(SolutionItems) = preProject
		Installer\Setup.Iss = Installer\Setup.Iss
	EndProjectSection
EndProject
Project("{9A19103F-16F7-4668-BE54-9A1E7A4F7556}") = "Si.Rendering", "Si.Rendering\Si.Rendering.csproj", "{2A08F5C6-8A24-4F37-A90E-83C0DA604C7A}"
EndProject
Project("{9A19103F-16F7-4668-BE54-9A1E7A4F7556}") = "Si.Audio", "Si.Audio\Si.Audio.csproj", "{310CBE99-7666-4A1F-BCE4-96C9EE4E0C71}"
EndProject
Project("{2150E333-8FDC-42A3-9474-1A3956D46DE8}") = "DirectX", "DirectX", "{E1544675-32D3-4A56-8D92-1F6264A8F147}"
EndProject
Project("{9A19103F-16F7-4668-BE54-9A1E7A4F7556}") = "Si.Client", "Si.Client\Si.Client.csproj", "{1CE2CAE3-1522-4AD8-AF32-BFAEC6069069}"
EndProject
Project("{9A19103F-16F7-4668-BE54-9A1E7A4F7556}") = "Si.Engine", "Si.Engine\Si.Engine.csproj", "{7816F662-44AA-4B79-BFF5-2FCB1983AD17}"
EndProject
Project("{2150E333-8FDC-42A3-9474-1A3956D46DE8}") = "MultiPlay", "MultiPlay", "{4F4F1428-3130-462A-A440-6C99FC3C0051}"
EndProject
Project("{FAE04EC0-301F-11D3-BF4B-00C04F79EFBC}") = "Si.MpServer", "Si.MpServer\Si.MpServer.csproj", "{15453612-FE8E-44B5-BACA-E3A90F64B4E8}"
EndProject
Project("{FAE04EC0-301F-11D3-BF4B-00C04F79EFBC}") = "Si.MpHeadlessLobby", "Si.MpHeadlessLobby\Si.MpHeadlessLobby.csproj", "{9A35E179-2CEB-19F4-A941-CF4105C65AE3}"
EndProject
Project("{FAE04EC0-301F-11D3-BF4B-00C04F79EFBC}") = "Si.MpClientToServerComms", "Si.MpClientToServerComms\Si.MpClientToServerComms.csproj", "{184F7BDE-FE49-6447-0843-67404F8F68A1}"
EndProject
Project("{FAE04EC0-301F-11D3-BF4B-00C04F79EFBC}") = "Si.MpCommsMessages", "Si.MpCommsMessages\Si.MpCommsMessages.csproj", "{8102C13C-5B08-4633-9422-AF8504AAB472}"
EndProject
Project("{FAE04EC0-301F-11D3-BF4B-00C04F79EFBC}") = "Si.AssetManager", "Si.AssetManager\Si.AssetManager.csproj", "{32B9668F-A615-4E85-A214-5F8DBB2D8795}"
EndProject
Global
	GlobalSection(SolutionConfigurationPlatforms) = preSolution
		Debug|Any CPU = Debug|Any CPU
		Release|Any CPU = Release|Any CPU
	EndGlobalSection
	GlobalSection(ProjectConfigurationPlatforms) = postSolution
		{990E2120-BC2B-4C6D-A1B0-663A7D88A2EC}.Debug|Any CPU.ActiveCfg = Debug|Any CPU
		{990E2120-BC2B-4C6D-A1B0-663A7D88A2EC}.Debug|Any CPU.Build.0 = Debug|Any CPU
		{990E2120-BC2B-4C6D-A1B0-663A7D88A2EC}.Release|Any CPU.ActiveCfg = Release|Any CPU
		{990E2120-BC2B-4C6D-A1B0-663A7D88A2EC}.Release|Any CPU.Build.0 = Release|Any CPU
		{2A08F5C6-8A24-4F37-A90E-83C0DA604C7A}.Debug|Any CPU.ActiveCfg = Debug|Any CPU
		{2A08F5C6-8A24-4F37-A90E-83C0DA604C7A}.Debug|Any CPU.Build.0 = Debug|Any CPU
		{2A08F5C6-8A24-4F37-A90E-83C0DA604C7A}.Release|Any CPU.ActiveCfg = Release|Any CPU
		{2A08F5C6-8A24-4F37-A90E-83C0DA604C7A}.Release|Any CPU.Build.0 = Release|Any CPU
		{310CBE99-7666-4A1F-BCE4-96C9EE4E0C71}.Debug|Any CPU.ActiveCfg = Debug|Any CPU
		{310CBE99-7666-4A1F-BCE4-96C9EE4E0C71}.Debug|Any CPU.Build.0 = Debug|Any CPU
		{310CBE99-7666-4A1F-BCE4-96C9EE4E0C71}.Release|Any CPU.ActiveCfg = Release|Any CPU
		{310CBE99-7666-4A1F-BCE4-96C9EE4E0C71}.Release|Any CPU.Build.0 = Release|Any CPU
		{1CE2CAE3-1522-4AD8-AF32-BFAEC6069069}.Debug|Any CPU.ActiveCfg = Debug|Any CPU
		{1CE2CAE3-1522-4AD8-AF32-BFAEC6069069}.Debug|Any CPU.Build.0 = Debug|Any CPU
		{1CE2CAE3-1522-4AD8-AF32-BFAEC6069069}.Release|Any CPU.ActiveCfg = Release|Any CPU
		{1CE2CAE3-1522-4AD8-AF32-BFAEC6069069}.Release|Any CPU.Build.0 = Release|Any CPU
		{7816F662-44AA-4B79-BFF5-2FCB1983AD17}.Debug|Any CPU.ActiveCfg = Debug|Any CPU
		{7816F662-44AA-4B79-BFF5-2FCB1983AD17}.Debug|Any CPU.Build.0 = Debug|Any CPU
		{7816F662-44AA-4B79-BFF5-2FCB1983AD17}.Release|Any CPU.ActiveCfg = Release|Any CPU
		{7816F662-44AA-4B79-BFF5-2FCB1983AD17}.Release|Any CPU.Build.0 = Release|Any CPU
		{15453612-FE8E-44B5-BACA-E3A90F64B4E8}.Debug|Any CPU.ActiveCfg = Debug|Any CPU
		{15453612-FE8E-44B5-BACA-E3A90F64B4E8}.Debug|Any CPU.Build.0 = Debug|Any CPU
		{15453612-FE8E-44B5-BACA-E3A90F64B4E8}.Release|Any CPU.ActiveCfg = Release|Any CPU
		{15453612-FE8E-44B5-BACA-E3A90F64B4E8}.Release|Any CPU.Build.0 = Release|Any CPU
		{9A35E179-2CEB-19F4-A941-CF4105C65AE3}.Debug|Any CPU.ActiveCfg = Debug|Any CPU
		{9A35E179-2CEB-19F4-A941-CF4105C65AE3}.Debug|Any CPU.Build.0 = Debug|Any CPU
		{9A35E179-2CEB-19F4-A941-CF4105C65AE3}.Release|Any CPU.ActiveCfg = Release|Any CPU
		{9A35E179-2CEB-19F4-A941-CF4105C65AE3}.Release|Any CPU.Build.0 = Release|Any CPU
		{184F7BDE-FE49-6447-0843-67404F8F68A1}.Debug|Any CPU.ActiveCfg = Debug|Any CPU
		{184F7BDE-FE49-6447-0843-67404F8F68A1}.Debug|Any CPU.Build.0 = Debug|Any CPU
		{184F7BDE-FE49-6447-0843-67404F8F68A1}.Release|Any CPU.ActiveCfg = Release|Any CPU
		{184F7BDE-FE49-6447-0843-67404F8F68A1}.Release|Any CPU.Build.0 = Release|Any CPU
		{8102C13C-5B08-4633-9422-AF8504AAB472}.Debug|Any CPU.ActiveCfg = Debug|Any CPU
		{8102C13C-5B08-4633-9422-AF8504AAB472}.Debug|Any CPU.Build.0 = Debug|Any CPU
		{8102C13C-5B08-4633-9422-AF8504AAB472}.Release|Any CPU.ActiveCfg = Release|Any CPU
		{8102C13C-5B08-4633-9422-AF8504AAB472}.Release|Any CPU.Build.0 = Release|Any CPU
		{32B9668F-A615-4E85-A214-5F8DBB2D8795}.Debug|Any CPU.ActiveCfg = Debug|Any CPU
		{32B9668F-A615-4E85-A214-5F8DBB2D8795}.Debug|Any CPU.Build.0 = Debug|Any CPU
		{32B9668F-A615-4E85-A214-5F8DBB2D8795}.Release|Any CPU.ActiveCfg = Release|Any CPU
		{32B9668F-A615-4E85-A214-5F8DBB2D8795}.Release|Any CPU.Build.0 = Release|Any CPU
	EndGlobalSection
	GlobalSection(SolutionProperties) = preSolution
		HideSolutionNode = FALSE
	EndGlobalSection
	GlobalSection(NestedProjects) = preSolution
		{2A08F5C6-8A24-4F37-A90E-83C0DA604C7A} = {E1544675-32D3-4A56-8D92-1F6264A8F147}
		{310CBE99-7666-4A1F-BCE4-96C9EE4E0C71} = {E1544675-32D3-4A56-8D92-1F6264A8F147}
		{15453612-FE8E-44B5-BACA-E3A90F64B4E8} = {4F4F1428-3130-462A-A440-6C99FC3C0051}
		{9A35E179-2CEB-19F4-A941-CF4105C65AE3} = {4F4F1428-3130-462A-A440-6C99FC3C0051}
		{184F7BDE-FE49-6447-0843-67404F8F68A1} = {4F4F1428-3130-462A-A440-6C99FC3C0051}
		{8102C13C-5B08-4633-9422-AF8504AAB472} = {4F4F1428-3130-462A-A440-6C99FC3C0051}
	EndGlobalSection
	GlobalSection(ExtensibilityGlobals) = postSolution
		SolutionGuid = {99D468A4-85E5-41AA-912F-A2435A154952}
	EndGlobalSection
EndGlobal
